
Microsoft Visual Studio Solution File, Format Version 12.00
# Visual Studio Version 17
VisualStudioVersion = 17.5.001.0
MinimumVisualStudioVersion = 10.0.40219.1
Project("{2150E333-8FDC-42A3-9474-1A3956D46DE8}") = "csharp-prep", "csharp-prep", "{4F33654A-BCD6-43E2-829B-6CA68A34D995}"
EndProject
Project("{9A19103F-16F7-4668-BE54-9A1E7A4F7556}") = "Prep1", "csharp-prep\Prep1\Prep1.csproj", "{EFA860CA-10B8-4054-B739-F2C651FBF0BC}"
EndProject
Project("{9A19103F-16F7-4668-BE54-9A1E7A4F7556}") = "Prep2", "csharp-prep\Prep2\Prep2.csproj", "{179B6ABD-5198-4F3B-B7AB-B5549310457E}"
EndProject
Project("{9A19103F-16F7-4668-BE54-9A1E7A4F7556}") = "Prep3", "csharp-prep\Prep3\Prep3.csproj", "{211A6665-336A-4225-8E8F-68AB668831C4}"
EndProject
Project("{9A19103F-16F7-4668-BE54-9A1E7A4F7556}") = "Prep4", "csharp-prep\Prep4\Prep4.csproj", "{E97BAACE-0E2A-4D8A-9A48-FBD5524D2E94}"
EndProject
Project("{9A19103F-16F7-4668-BE54-9A1E7A4F7556}") = "Prep5", "csharp-prep\Prep5\Prep5.csproj", "{DC157354-119D-4641-8F8B-C1C914B3490B}"
EndProject
Project("{2150E333-8FDC-42A3-9474-1A3956D46DE8}") = "final", "final", "{AF2D6729-25BA-4ED0-AF75-85C0F85531C2}"
EndProject
Project("{9A19103F-16F7-4668-BE54-9A1E7A4F7556}") = "FinalProject", "final\FinalProject\FinalProject.csproj", "{595CE2DE-4BD5-4687-8A42-9643780439B5}"
EndProject
Project("{9A19103F-16F7-4668-BE54-9A1E7A4F7556}") = "Foundation1", "final\Foundation1\Foundation1.csproj", "{43E14BD2-B306-46D2-B9AD-C056806239B9}"
EndProject
Project("{9A19103F-16F7-4668-BE54-9A1E7A4F7556}") = "Foundation2", "final\Foundation2\Foundation2.csproj", "{8D8B8B3F-C427-4594-8840-000EEBCBBF4E}"
EndProject
Project("{9A19103F-16F7-4668-BE54-9A1E7A4F7556}") = "Foundation3", "final\Foundation3\Foundation3.csproj", "{36DEEE2C-7EBA-4C94-ADBB-A6E5B4A10C9D}"
EndProject
Project("{9A19103F-16F7-4668-BE54-9A1E7A4F7556}") = "Foundation4", "final\Foundation4\Foundation4.csproj", "{54CC0ED2-D6DD-4B29-A9DE-61F10B925818}"
EndProject
Project("{2150E333-8FDC-42A3-9474-1A3956D46DE8}") = "prepare", "prepare", "{D9252658-22B3-405F-973E-33377D28F31C}"
EndProject
Project("{9A19103F-16F7-4668-BE54-9A1E7A4F7556}") = "Learning02", "prepare\Learning02\Learning02.csproj", "{9F9AA1DD-E9BC-4D94-8CCB-FD30B936385E}"
EndProject
Project("{9A19103F-16F7-4668-BE54-9A1E7A4F7556}") = "Learning03", "prepare\Learning03\Learning03.csproj", "{EB8D8484-9494-4449-B9F0-AC4481EB2195}"
EndProject
Project("{9A19103F-16F7-4668-BE54-9A1E7A4F7556}") = "Learning04", "prepare\Learning04\Learning04.csproj", "{208B3AA4-3AF9-4AF1-8045-3B3D3331AB4C}"
EndProject
Project("{9A19103F-16F7-4668-BE54-9A1E7A4F7556}") = "Learning05", "prepare\Learning05\Learning05.csproj", "{E75E4487-BBB2-4A9B-B54E-0F950F17EC15}"
EndProject
Project("{2150E333-8FDC-42A3-9474-1A3956D46DE8}") = "prove", "prove", "{FA347917-E381-4A11-9403-13A08B216FEA}"
EndProject
Project("{9A19103F-16F7-4668-BE54-9A1E7A4F7556}") = "Develop02", "prove\Develop02\Develop02.csproj", "{2B9DD5D3-1A83-479A-98D2-2B78F9854D42}"
EndProject
Project("{9A19103F-16F7-4668-BE54-9A1E7A4F7556}") = "Develop03", "prove\Develop03\Develop03.csproj", "{3DB5898E-BF0E-4662-A8F2-5F80060CF603}"
EndProject
Project("{9A19103F-16F7-4668-BE54-9A1E7A4F7556}") = "Develop04", "prove\Develop04\Develop04.csproj", "{E373EE3E-CB36-480D-9A8E-F3082ACAC2B8}"
EndProject
Project("{9A19103F-16F7-4668-BE54-9A1E7A4F7556}") = "Develop05", "prove\Develop05\Develop05.csproj", "{489A9BD5-8A20-4616-815E-8624123D1437}"
EndProject
Project("{2150E333-8FDC-42A3-9474-1A3956D46DE8}") = "sandbox", "sandbox", "{AB86D262-958D-4DC3-9874-C33C5CEF6880}"
EndProject
Project("{9A19103F-16F7-4668-BE54-9A1E7A4F7556}") = "Sandbox", "sandbox\Sandbox\Sandbox.csproj", "{BCE902AC-87AA-4368-B29D-D86DA0B205EA}"
EndProject
Global
	GlobalSection(SolutionConfigurationPlatforms) = preSolution
		Debug|Any CPU = Debug|Any CPU
		Release|Any CPU = Release|Any CPU
	EndGlobalSection
	GlobalSection(ProjectConfigurationPlatforms) = postSolution
		{EFA860CA-10B8-4054-B739-F2C651FBF0BC}.Debug|Any CPU.ActiveCfg = Debug|Any CPU
		{EFA860CA-10B8-4054-B739-F2C651FBF0BC}.Debug|Any CPU.Build.0 = Debug|Any CPU
		{EFA860CA-10B8-4054-B739-F2C651FBF0BC}.Release|Any CPU.ActiveCfg = Release|Any CPU
		{EFA860CA-10B8-4054-B739-F2C651FBF0BC}.Release|Any CPU.Build.0 = Release|Any CPU
		{179B6ABD-5198-4F3B-B7AB-B5549310457E}.Debug|Any CPU.ActiveCfg = Debug|Any CPU
		{179B6ABD-5198-4F3B-B7AB-B5549310457E}.Debug|Any CPU.Build.0 = Debug|Any CPU
		{179B6ABD-5198-4F3B-B7AB-B5549310457E}.Release|Any CPU.ActiveCfg = Release|Any CPU
		{179B6ABD-5198-4F3B-B7AB-B5549310457E}.Release|Any CPU.Build.0 = Release|Any CPU
		{211A6665-336A-4225-8E8F-68AB668831C4}.Debug|Any CPU.ActiveCfg = Debug|Any CPU
		{211A6665-336A-4225-8E8F-68AB668831C4}.Debug|Any CPU.Build.0 = Debug|Any CPU
		{211A6665-336A-4225-8E8F-68AB668831C4}.Release|Any CPU.ActiveCfg = Release|Any CPU
		{211A6665-336A-4225-8E8F-68AB668831C4}.Release|Any CPU.Build.0 = Release|Any CPU
		{E97BAACE-0E2A-4D8A-9A48-FBD5524D2E94}.Debug|Any CPU.ActiveCfg = Debug|Any CPU
		{E97BAACE-0E2A-4D8A-9A48-FBD5524D2E94}.Debug|Any CPU.Build.0 = Debug|Any CPU
		{E97BAACE-0E2A-4D8A-9A48-FBD5524D2E94}.Release|Any CPU.ActiveCfg = Release|Any CPU
		{E97BAACE-0E2A-4D8A-9A48-FBD5524D2E94}.Release|Any CPU.Build.0 = Release|Any CPU
		{DC157354-119D-4641-8F8B-C1C914B3490B}.Debug|Any CPU.ActiveCfg = Debug|Any CPU
		{DC157354-119D-4641-8F8B-C1C914B3490B}.Debug|Any CPU.Build.0 = Debug|Any CPU
		{DC157354-119D-4641-8F8B-C1C914B3490B}.Release|Any CPU.ActiveCfg = Release|Any CPU
		{DC157354-119D-4641-8F8B-C1C914B3490B}.Release|Any CPU.Build.0 = Release|Any CPU
		{595CE2DE-4BD5-4687-8A42-9643780439B5}.Debug|Any CPU.ActiveCfg = Debug|Any CPU
		{595CE2DE-4BD5-4687-8A42-9643780439B5}.Debug|Any CPU.Build.0 = Debug|Any CPU
		{595CE2DE-4BD5-4687-8A42-9643780439B5}.Release|Any CPU.ActiveCfg = Release|Any CPU
		{595CE2DE-4BD5-4687-8A42-9643780439B5}.Release|Any CPU.Build.0 = Release|Any CPU
		{43E14BD2-B306-46D2-B9AD-C056806239B9}.Debug|Any CPU.ActiveCfg = Debug|Any CPU
		{43E14BD2-B306-46D2-B9AD-C056806239B9}.Debug|Any CPU.Build.0 = Debug|Any CPU
		{43E14BD2-B306-46D2-B9AD-C056806239B9}.Release|Any CPU.ActiveCfg = Release|Any CPU
		{43E14BD2-B306-46D2-B9AD-C056806239B9}.Release|Any CPU.Build.0 = Release|Any CPU
		{8D8B8B3F-C427-4594-8840-000EEBCBBF4E}.Debug|Any CPU.ActiveCfg = Debug|Any CPU
		{8D8B8B3F-C427-4594-8840-000EEBCBBF4E}.Debug|Any CPU.Build.0 = Debug|Any CPU
		{8D8B8B3F-C427-4594-8840-000EEBCBBF4E}.Release|Any CPU.ActiveCfg = Release|Any CPU
		{8D8B8B3F-C427-4594-8840-000EEBCBBF4E}.Release|Any CPU.Build.0 = Release|Any CPU
		{36DEEE2C-7EBA-4C94-ADBB-A6E5B4A10C9D}.Debug|Any CPU.ActiveCfg = Debug|Any CPU
		{36DEEE2C-7EBA-4C94-ADBB-A6E5B4A10C9D}.Debug|Any CPU.Build.0 = Debug|Any CPU
		{36DEEE2C-7EBA-4C94-ADBB-A6E5B4A10C9D}.Release|Any CPU.ActiveCfg = Release|Any CPU
		{36DEEE2C-7EBA-4C94-ADBB-A6E5B4A10C9D}.Release|Any CPU.Build.0 = Release|Any CPU
		{54CC0ED2-D6DD-4B29-A9DE-61F10B925818}.Debug|Any CPU.ActiveCfg = Debug|Any CPU
		{54CC0ED2-D6DD-4B29-A9DE-61F10B925818}.Debug|Any CPU.Build.0 = Debug|Any CPU
		{54CC0ED2-D6DD-4B29-A9DE-61F10B925818}.Release|Any CPU.ActiveCfg = Release|Any CPU
		{54CC0ED2-D6DD-4B29-A9DE-61F10B925818}.Release|Any CPU.Build.0 = Release|Any CPU
		{9F9AA1DD-E9BC-4D94-8CCB-FD30B936385E}.Debug|Any CPU.ActiveCfg = Debug|Any CPU
		{9F9AA1DD-E9BC-4D94-8CCB-FD30B936385E}.Debug|Any CPU.Build.0 = Debug|Any CPU
		{9F9AA1DD-E9BC-4D94-8CCB-FD30B936385E}.Release|Any CPU.ActiveCfg = Release|Any CPU
		{9F9AA1DD-E9BC-4D94-8CCB-FD30B936385E}.Release|Any CPU.Build.0 = Release|Any CPU
		{EB8D8484-9494-4449-B9F0-AC4481EB2195}.Debug|Any CPU.ActiveCfg = Debug|Any CPU
		{EB8D8484-9494-4449-B9F0-AC4481EB2195}.Debug|Any CPU.Build.0 = Debug|Any CPU
		{EB8D8484-9494-4449-B9F0-AC4481EB2195}.Release|Any CPU.ActiveCfg = Release|Any CPU
		{EB8D8484-9494-4449-B9F0-AC4481EB2195}.Release|Any CPU.Build.0 = Release|Any CPU
		{208B3AA4-3AF9-4AF1-8045-3B3D3331AB4C}.Debug|Any CPU.ActiveCfg = Debug|Any CPU
		{208B3AA4-3AF9-4AF1-8045-3B3D3331AB4C}.Debug|Any CPU.Build.0 = Debug|Any CPU
		{208B3AA4-3AF9-4AF1-8045-3B3D3331AB4C}.Release|Any CPU.ActiveCfg = Release|Any CPU
		{208B3AA4-3AF9-4AF1-8045-3B3D3331AB4C}.Release|Any CPU.Build.0 = Release|Any CPU
		{E75E4487-BBB2-4A9B-B54E-0F950F17EC15}.Debug|Any CPU.ActiveCfg = Debug|Any CPU
		{E75E4487-BBB2-4A9B-B54E-0F950F17EC15}.Debug|Any CPU.Build.0 = Debug|Any CPU
		{E75E4487-BBB2-4A9B-B54E-0F950F17EC15}.Release|Any CPU.ActiveCfg = Release|Any CPU
		{E75E4487-BBB2-4A9B-B54E-0F950F17EC15}.Release|Any CPU.Build.0 = Release|Any CPU
		{2B9DD5D3-1A83-479A-98D2-2B78F9854D42}.Debug|Any CPU.ActiveCfg = Debug|Any CPU
		{2B9DD5D3-1A83-479A-98D2-2B78F9854D42}.Debug|Any CPU.Build.0 = Debug|Any CPU
		{2B9DD5D3-1A83-479A-98D2-2B78F9854D42}.Release|Any CPU.ActiveCfg = Release|Any CPU
		{2B9DD5D3-1A83-479A-98D2-2B78F9854D42}.Release|Any CPU.Build.0 = Release|Any CPU
		{3DB5898E-BF0E-4662-A8F2-5F80060CF603}.Debug|Any CPU.ActiveCfg = Debug|Any CPU
		{3DB5898E-BF0E-4662-A8F2-5F80060CF603}.Debug|Any CPU.Build.0 = Debug|Any CPU
		{3DB5898E-BF0E-4662-A8F2-5F80060CF603}.Release|Any CPU.ActiveCfg = Release|Any CPU
		{3DB5898E-BF0E-4662-A8F2-5F80060CF603}.Release|Any CPU.Build.0 = Release|Any CPU
		{E373EE3E-CB36-480D-9A8E-F3082ACAC2B8}.Debug|Any CPU.ActiveCfg = Debug|Any CPU
		{E373EE3E-CB36-480D-9A8E-F3082ACAC2B8}.Debug|Any CPU.Build.0 = Debug|Any CPU
		{E373EE3E-CB36-480D-9A8E-F3082ACAC2B8}.Release|Any CPU.ActiveCfg = Release|Any CPU
		{E373EE3E-CB36-480D-9A8E-F3082ACAC2B8}.Release|Any CPU.Build.0 = Release|Any CPU
		{489A9BD5-8A20-4616-815E-8624123D1437}.Debug|Any CPU.ActiveCfg = Debug|Any CPU
		{489A9BD5-8A20-4616-815E-8624123D1437}.Debug|Any CPU.Build.0 = Debug|Any CPU
		{489A9BD5-8A20-4616-815E-8624123D1437}.Release|Any CPU.ActiveCfg = Release|Any CPU
		{489A9BD5-8A20-4616-815E-8624123D1437}.Release|Any CPU.Build.0 = Release|Any CPU
		{BCE902AC-87AA-4368-B29D-D86DA0B205EA}.Debug|Any CPU.ActiveCfg = Debug|Any CPU
		{BCE902AC-87AA-4368-B29D-D86DA0B205EA}.Debug|Any CPU.Build.0 = Debug|Any CPU
		{BCE902AC-87AA-4368-B29D-D86DA0B205EA}.Release|Any CPU.ActiveCfg = Release|Any CPU
		{BCE902AC-87AA-4368-B29D-D86DA0B205EA}.Release|Any CPU.Build.0 = Release|Any CPU
	EndGlobalSection
	GlobalSection(SolutionProperties) = preSolution
		HideSolutionNode = FALSE
	EndGlobalSection
	GlobalSection(NestedProjects) = preSolution
		{EFA860CA-10B8-4054-B739-F2C651FBF0BC} = {4F33654A-BCD6-43E2-829B-6CA68A34D995}
		{179B6ABD-5198-4F3B-B7AB-B5549310457E} = {4F33654A-BCD6-43E2-829B-6CA68A34D995}
		{211A6665-336A-4225-8E8F-68AB668831C4} = {4F33654A-BCD6-43E2-829B-6CA68A34D995}
		{E97BAACE-0E2A-4D8A-9A48-FBD5524D2E94} = {4F33654A-BCD6-43E2-829B-6CA68A34D995}
		{DC157354-119D-4641-8F8B-C1C914B3490B} = {4F33654A-BCD6-43E2-829B-6CA68A34D995}
		{595CE2DE-4BD5-4687-8A42-9643780439B5} = {AF2D6729-25BA-4ED0-AF75-85C0F85531C2}
		{43E14BD2-B306-46D2-B9AD-C056806239B9} = {AF2D6729-25BA-4ED0-AF75-85C0F85531C2}
		{8D8B8B3F-C427-4594-8840-000EEBCBBF4E} = {AF2D6729-25BA-4ED0-AF75-85C0F85531C2}
		{36DEEE2C-7EBA-4C94-ADBB-A6E5B4A10C9D} = {AF2D6729-25BA-4ED0-AF75-85C0F85531C2}
		{54CC0ED2-D6DD-4B29-A9DE-61F10B925818} = {AF2D6729-25BA-4ED0-AF75-85C0F85531C2}
		{9F9AA1DD-E9BC-4D94-8CCB-FD30B936385E} = {D9252658-22B3-405F-973E-33377D28F31C}
		{EB8D8484-9494-4449-B9F0-AC4481EB2195} = {D9252658-22B3-405F-973E-33377D28F31C}
		{208B3AA4-3AF9-4AF1-8045-3B3D3331AB4C} = {D9252658-22B3-405F-973E-33377D28F31C}
		{E75E4487-BBB2-4A9B-B54E-0F950F17EC15} = {D9252658-22B3-405F-973E-33377D28F31C}
		{2B9DD5D3-1A83-479A-98D2-2B78F9854D42} = {FA347917-E381-4A11-9403-13A08B216FEA}
		{3DB5898E-BF0E-4662-A8F2-5F80060CF603} = {FA347917-E381-4A11-9403-13A08B216FEA}
		{E373EE3E-CB36-480D-9A8E-F3082ACAC2B8} = {FA347917-E381-4A11-9403-13A08B216FEA}
		{489A9BD5-8A20-4616-815E-8624123D1437} = {FA347917-E381-4A11-9403-13A08B216FEA}
		{BCE902AC-87AA-4368-B29D-D86DA0B205EA} = {AB86D262-958D-4DC3-9874-C33C5CEF6880}
	EndGlobalSection
	GlobalSection(ExtensibilityGlobals) = postSolution
		SolutionGuid = {A7B303BB-3D03-4117-B2FD-2613F68255F0}
	EndGlobalSection
EndGlobal
